{
	"name": "@nan0web/i18n",
	"version": "1.2.0",
	"lockfileVersion": 3,
	"requires": true,
	"packages": {
		"": {
			"name": "@nan0web/i18n",
			"version": "1.2.0",
			"hasInstallScript": true,
			"license": "ISC",
			"dependencies": {
				"@nan0web/db": "^1.3.3",
				"@nan0web/db-fs": "^1.1.4",
				"@nan0web/event": "^1.0.1",
				"@nan0web/types": "^1.4.0"
			},
			"bin": {
				"i18n": "bin/i18n.js"
			},
			"devDependencies": {
				"@nan0web/log": "^1.1.1",
				"@nan0web/test": "^1.1.3",
				"husky": "^9.1.7",
				"knip": "^5.86.0"
			},
			"peerDependencies": {
				"@nan0web/db": "^1.0.2",
				"@nan0web/event": "^1.0.0"
			}
		},
		"../../node_modules/.pnpm/@nan0web+db-browser@1.1.1_@nan0web+db@1.3.3_@nan0web+types@1.4.0__@nan0web+http@1.0.1/node_modules/@nan0web/db-browser": {
			"version": "1.1.1",
			"extraneous": true,
			"license": "ISC",
			"dependencies": {
				"@nan0web/log": "*"
			},
			"devDependencies": {
				"@nan0web/db": "*",
				"@nan0web/http": "*",
				"@nan0web/http-node": "*",
				"@nan0web/release": "*",
				"@nan0web/test": "*",
				"@nan0web/ui-cli": "*",
				"husky": "^9.1.7",
				"knip": "^5.84.1"
			},
			"peerDependencies": {
				"@nan0web/db": "*",
				"@nan0web/http": "*"
			}
		},
		"../../node_modules/.pnpm/@nan0web+db-fs@1.1.4_@nan0web+db@1.3.3_@nan0web+types@1.4.0__@nan0web+event@1.0.1_@nan0web+types@1.4.0/node_modules/@nan0web/db-fs": {
			"version": "1.1.4",
			"license": "ISC",
			"dependencies": {
				"@nan0web/log": "*",
				"yaml": "^2.5.0"
			},
			"devDependencies": {
				"@nan0web/db": "*",
				"@nan0web/event": "*",
				"@nan0web/release": "*",
				"@nan0web/test": "*",
				"@nan0web/types": "*",
				"@nan0web/ui-cli": "*",
				"husky": "^9.1.7",
				"knip": "^5.85.0"
			},
			"peerDependencies": {
				"@nan0web/db": "*",
				"@nan0web/event": "*",
				"@nan0web/types": "*"
			}
		},
		"../../node_modules/.pnpm/@nan0web+db@1.3.3_@nan0web+types@1.4.0/node_modules/@nan0web/db": {
			"version": "1.3.3",
			"license": "ISC",
			"dependencies": {
				"@nan0web/log": "*"
			},
			"devDependencies": {
				"@nan0web/db-fs": "*",
				"@nan0web/release": "*",
				"@nan0web/test": "*",
				"@nan0web/types": "*",
				"@nan0web/ui-cli": "*",
				"husky": "^9.1.7",
				"knip": "^5.85.0"
			},
			"peerDependencies": {
				"@nan0web/types": "*"
			}
		},
		"../../node_modules/.pnpm/@nan0web+event@1.0.1/node_modules/@nan0web/event": {
			"version": "1.0.1",
			"license": "ISC",
			"devDependencies": {
				"@nan0web/release": "1.0.1",
				"@nan0web/test": "1.1.1",
				"husky": "^9.1.7"
			}
		},
		"../../node_modules/.pnpm/@nan0web+log@1.1.1/node_modules/@nan0web/log": {
			"version": "1.1.1",
			"dev": true,
			"license": "ISC",
			"dependencies": {
				"@nan0web/types": "^1.2.0",
				"string-width": "^7.2.0"
			},
			"devDependencies": {
				"@nan0web/db-fs": "1.0.0",
				"@nan0web/release": "1.0.1",
				"@nan0web/test": "1.1.0",
				"husky": "^9.1.7",
				"knip": "^5.82.1"
			}
		},
		"../../node_modules/.pnpm/@nan0web+test@1.1.3_@nan0web+event@1.0.1_bufferutil@4.1.0/node_modules/@nan0web/test": {
			"version": "1.1.3",
			"dev": true,
			"license": "ISC",
			"dependencies": {
				"@nan0web/co": "^2.0.0",
				"@nan0web/db": "^1.2.0",
				"@nan0web/db-fs": "^1.1.0",
				"@nan0web/i18n": "^1.0.1",
				"@nan0web/log": "^1.1.0",
				"@nan0web/markdown": "^1.0.2",
				"@nan0web/types": "^1.2.0",
				"happy-dom": "^20.0.11"
			},
			"bin": {
				"nan0test": "bin/nan0test.js"
			},
			"devDependencies": {
				"@nan0web/http-node": "^1.0.1",
				"@nan0web/ui-cli": "1.1.0",
				"husky": "^9.1.7"
			}
		},
		"../../node_modules/.pnpm/@nan0web+types@1.4.0/node_modules/@nan0web/types": {
			"version": "1.4.0",
			"license": "ISC",
			"dependencies": {
				"@nan0web/log": "*"
			},
			"devDependencies": {
				"@nan0web/release": "*",
				"@nan0web/test": "*",
				"@nan0web/ui-cli": "*",
				"husky": "^9.1.7"
			}
		},
		"../../node_modules/.pnpm/husky@9.1.7/node_modules/husky": {
			"version": "9.1.7",
			"dev": true,
			"license": "MIT",
			"bin": {
				"husky": "bin.js"
			},
			"engines": {
				"node": ">=18"
			},
			"funding": {
				"url": "https://github.com/sponsors/typicode"
			}
		},
		"../../node_modules/.pnpm/knip@5.86.0_@types+node@25.3.5_typescript@5.9.3/node_modules/knip": {
			"version": "5.86.0",
			"dev": true,
			"funding": [
				{
					"type": "github",
					"url": "https://github.com/sponsors/webpro"
				},
				{
					"type": "opencollective",
					"url": "https://opencollective.com/knip"
				}
			],
			"license": "ISC",
			"dependencies": {
				"@nodelib/fs.walk": "^1.2.3",
				"fast-glob": "^3.3.3",
				"formatly": "^0.3.0",
				"jiti": "^2.6.0",
				"minimist": "^1.2.8",
				"oxc-resolver": "^11.19.1",
				"picocolors": "^1.1.1",
				"picomatch": "^4.0.1",
				"smol-toml": "^1.5.2",
				"strip-json-comments": "5.0.3",
				"unbash": "^2.2.0",
				"yaml": "^2.8.2",
				"zod": "^4.1.11"
			},
			"bin": {
				"knip": "bin/knip.js",
				"knip-bun": "bin/knip-bun.js"
			},
			"devDependencies": {
				"@jest/types": "^29.6.3",
				"@types/bun": "^1.3.3",
				"@types/minimist": "^1.2.5",
				"@types/picomatch": "^4.0.1",
				"@types/webpack": "^5.28.5",
				"@wdio/types": "^9.20.0",
				"codeclimate-types": "^0.3.1",
				"glob-bin": "^1.0.0",
				"prettier": "^3.8.1",
				"tsx": "^4.21.0",
				"typescript": "^5.8.3"
			},
			"engines": {
				"node": ">=18.18.0"
			},
			"peerDependencies": {
				"@types/node": ">=18",
				"typescript": ">=5.0.4 <7"
			}
		},
		"node_modules/@nan0web/db": {
			"resolved": "../../node_modules/.pnpm/@nan0web+db@1.3.3_@nan0web+types@1.4.0/node_modules/@nan0web/db",
			"link": true
		},
		"node_modules/@nan0web/db-fs": {
			"resolved": "../../node_modules/.pnpm/@nan0web+db-fs@1.1.4_@nan0web+db@1.3.3_@nan0web+types@1.4.0__@nan0web+event@1.0.1_@nan0web+types@1.4.0/node_modules/@nan0web/db-fs",
			"link": true
		},
		"node_modules/@nan0web/event": {
			"resolved": "../../node_modules/.pnpm/@nan0web+event@1.0.1/node_modules/@nan0web/event",
			"link": true
		},
		"node_modules/@nan0web/log": {
			"resolved": "../../node_modules/.pnpm/@nan0web+log@1.1.1/node_modules/@nan0web/log",
			"link": true
		},
		"node_modules/@nan0web/test": {
			"resolved": "../../node_modules/.pnpm/@nan0web+test@1.1.3_@nan0web+event@1.0.1_bufferutil@4.1.0/node_modules/@nan0web/test",
			"link": true
		},
		"node_modules/@nan0web/types": {
			"resolved": "../../node_modules/.pnpm/@nan0web+types@1.4.0/node_modules/@nan0web/types",
			"link": true
		},
		"node_modules/husky": {
			"resolved": "../../node_modules/.pnpm/husky@9.1.7/node_modules/husky",
			"link": true
		},
		"node_modules/knip": {
			"resolved": "../../node_modules/.pnpm/knip@5.86.0_@types+node@25.3.5_typescript@5.9.3/node_modules/knip",
			"link": true
		}
	}
}
